{
    "_readme": [
        "This file locks the dependencies of your project to a known state",
        "Read more about it at https://getcomposer.org/doc/01-basic-usage.md#installing-dependencies",
        "This file is @generated automatically"
    ],
    "content-hash": "8e4442f6276393a4a48e2c2a4a9329cf",
    "packages": [],
    "packages-dev": [
        {
            "name": "azuyalabs/yasumi",
            "version": "2.11.0",
            "source": {
                "type": "git",
                "url": "https://github.com/azuyalabs/yasumi.git",
                "reference": "e24bc345d2dd0b9425ff19abf7f11574bbb1d7be"
            },
            "dist": {
                "type": "zip",
                "url": "https://api.github.com/repos/azuyalabs/yasumi/zipball/e24bc345d2dd0b9425ff19abf7f11574bbb1d7be",
                "reference": "e24bc345d2dd0b9425ff19abf7f11574bbb1d7be",
                "shasum": ""
            },
            "require": {
                "ext-json": "*",
                "php": ">=8.2"
            },
            "require-dev": {
                "azuyalabs/php-cs-fixer-config": "^0.3",
                "ext-intl": "*",
                "mikey179/vfsstream": "^1.6",
                "phpstan/phpstan": "^2.1",
                "phpstan/phpstan-deprecation-rules": "^2.0",
                "phpunit/phpunit": "^11.5"
            },
            "suggest": {
                "ext-calendar": "For calculating the date of Easter"
            },
            "type": "library",
            "autoload": {
                "psr-4": {
                    "Yasumi\\": "src/Yasumi/"
                }
            },
            "notification-url": "https://packagist.org/downloads/",
            "license": [
                "MIT"
            ],
            "authors": [
                {
                    "name": "Sacha Telgenhof",
                    "email": "me@sachatelgenhof.com",
                    "homepage": "https://www.sachatelgenhof.com",
                    "role": "Maintainer"
                }
            ],
            "description": "The easy PHP Library for calculating holidays",
            "homepage": "https://www.yasumi.dev",
            "keywords": [
                "Bank",
                "calculation",
                "calendar",
                "celebration",
                "date",
                "holiday",
                "holidays",
                "national",
                "time"
            ],
            "support": {
                "docs": "https://www.yasumi.dev",
                "issues": "https://github.com/azuyalabs/yasumi/issues",
                "source": "https://github.com/azuyalabs/yasumi"
            },
            "funding": [
                {
                    "url": "https://www.buymeacoffee.com/sachatelgenhof",
                    "type": "other"
                }
            ],
            "time": "2026-03-30T13:35:38+00:00"
        },
        {
            "name": "bamarni/composer-bin-plugin",
            "version": "1.9.1",
            "source": {
                "type": "git",
                "url": "https://github.com/bamarni/composer-bin-plugin.git",
                "reference": "641d0663f5ac270b1aeec4337b7856f76204df47"
            },
            "dist": {
                "type": "zip",
                "url": "https://api.github.com/repos/bamarni/composer-bin-plugin/zipball/641d0663f5ac270b1aeec4337b7856f76204df47",
                "reference": "641d0663f5ac270b1aeec4337b7856f76204df47",
                "shasum": ""
            },
            "require": {
                "composer-plugin-api": "^2.0",
                "php": "^7.2.5 || ^8.0"
            },
            "require-dev": {
                "composer/composer": "^2.2.26",
                "ext-json": "*",
                "phpstan/extension-installer": "^1.1",
                "phpstan/phpstan": "^1.8 || ^2.0",
                "phpstan/phpstan-phpunit": "^1.1 || ^2.0",
                "phpunit/phpunit": "^8.5 || ^9.6 || ^10.0",
                "symfony/console": "^2.8.52 || ^3.4.35 || ^4.4 || ^5.0 || ^6.0",
                "symfony/finder": "^2.8.52 || ^3.4.35 || ^4.4 || ^5.0 || ^6.0",
                "symfony/process": "^2.8.52 || ^3.4.35 || ^4.4 || ^5.0 || ^6.0"
            },
            "type": "composer-plugin",
            "extra": {
                "class": "Bamarni\\Composer\\Bin\\BamarniBinPlugin"
            },
            "autoload": {
                "psr-4": {
                    "Bamarni\\Composer\\Bin\\": "src"
                }
            },
            "notification-url": "https://packagist.org/downloads/",
            "license": [
                "MIT"
            ],
            "description": "No conflicts for your bin dependencies",
            "keywords": [
                "composer",
                "conflict",
                "dependency",
                "executable",
                "isolation",
                "tool"
            ],
            "support": {
                "issues": "https://github.com/bamarni/composer-bin-plugin/issues",
                "source": "https://github.com/bamarni/composer-bin-plugin/tree/1.9.1"
            },
            "time": "2026-02-04T10:18:12+00:00"
        },
        {
            "name": "opis/json-schema",
            "version": "2.6.0",
            "source": {
                "type": "git",
                "url": "https://github.com/opis/json-schema.git",
                "reference": "8458763e0dd0b6baa310e04f1829fc73da4e8c8a"
            },
            "dist": {
                "type": "zip",
                "url": "https://api.github.com/repos/opis/json-schema/zipball/8458763e0dd0b6baa310e04f1829fc73da4e8c8a",
                "reference": "8458763e0dd0b6baa310e04f1829fc73da4e8c8a",
                "shasum": ""
            },
            "require": {
                "ext-json": "*",
                "opis/string": "^2.1",
                "opis/uri": "^1.0",
                "php": "^7.4 || ^8.0"
            },
            "require-dev": {
                "ext-bcmath": "*",
                "ext-intl": "*",
                "phpunit/phpunit": "^9.0"
            },
            "type": "library",
            "extra": {
                "branch-alias": {
                    "dev-master": "2.x-dev"
                }
            },
            "autoload": {
                "psr-4": {
                    "Opis\\JsonSchema\\": "src/"
                }
            },
            "notification-url": "https://packagist.org/downloads/",
            "license": [
                "Apache-2.0"
            ],
            "authors": [
                {
                    "name": "Sorin Sarca",
                    "email": "sarca_sorin@hotmail.com"
                },
                {
                    "name": "Marius Sarca",
                    "email": "marius.sarca@gmail.com"
                }
            ],
            "description": "Json Schema Validator for PHP",
            "homepage": "https://opis.io/json-schema",
            "keywords": [
                "json",
                "json-schema",
                "schema",
                "validation",
                "validator"
            ],
            "support": {
                "issues": "https://github.com/opis/json-schema/issues",
                "source": "https://github.com/opis/json-schema/tree/2.6.0"
            },
            "time": "2025-10-17T12:46:48+00:00"
        },
        {
            "name": "opis/string",
            "version": "2.1.0",
            "source": {
                "type": "git",
                "url": "https://github.com/opis/string.git",
                "reference": "3e4d2aaff518ac518530b89bb26ed40f4503635e"
            },
            "dist": {
                "type": "zip",
                "url": "https://api.github.com/repos/opis/string/zipball/3e4d2aaff518ac518530b89bb26ed40f4503635e",
                "reference": "3e4d2aaff518ac518530b89bb26ed40f4503635e",
                "shasum": ""
            },
            "require": {
                "ext-iconv": "*",
                "ext-json": "*",
                "php": "^7.4 || ^8.0"
            },
            "require-dev": {
                "phpunit/phpunit": "^9.0"
            },
            "type": "library",
            "extra": {
                "branch-alias": {
                    "dev-master": "2.x-dev"
                }
            },
            "autoload": {
                "psr-4": {
                    "Opis\\String\\": "src/"
                }
            },
            "notification-url": "https://packagist.org/downloads/",
            "license": [
                "Apache-2.0"
            ],
            "authors": [
                {
                    "name": "Marius Sarca",
                    "email": "marius.sarca@gmail.com"
                },
                {
                    "name": "Sorin Sarca",
                    "email": "sarca_sorin@hotmail.com"
                }
            ],
            "description": "Multibyte strings as objects",
            "homepage": "https://opis.io/string",
            "keywords": [
                "multi-byte",
                "opis",
                "string",
                "string manipulation",
                "utf-8"
            ],
            "support": {
                "issues": "https://github.com/opis/string/issues",
                "source": "https://github.com/opis/string/tree/2.1.0"
            },
            "time": "2025-10-17T12:38:41+00:00"
        },
        {
            "name": "opis/uri",
            "version": "1.1.0",
            "source": {
                "type": "git",
                "url": "https://github.com/opis/uri.git",
                "reference": "0f3ca49ab1a5e4a6681c286e0b2cc081b93a7d5a"
            },
            "dist": {
                "type": "zip",
                "url": "https://api.github.com/repos/opis/uri/zipball/0f3ca49ab1a5e4a6681c286e0b2cc081b93a7d5a",
                "reference": "0f3ca49ab1a5e4a6681c286e0b2cc081b93a7d5a",
                "shasum": ""
            },
            "require": {
                "opis/string": "^2.0",
                "php": "^7.4 || ^8.0"
            },
            "require-dev": {
                "phpunit/phpunit": "^9"
            },
            "type": "library",
            "extra": {
                "branch-alias": {
                    "dev-master": "1.x-dev"
                }
            },
            "autoload": {
                "psr-4": {
                    "Opis\\Uri\\": "src/"
                }
            },
            "notification-url": "https://packagist.org/downloads/",
            "license": [
                "Apache-2.0"
            ],
            "authors": [
                {
                    "name": "Marius Sarca",
                    "email": "marius.sarca@gmail.com"
                },
                {
                    "name": "Sorin Sarca",
                    "email": "sarca_sorin@hotmail.com"
                }
            ],
            "description": "Build, parse and validate URIs and URI-templates",
            "homepage": "https://opis.io",
            "keywords": [
                "URI Template",
                "parse url",
                "punycode",
                "uri",
                "uri components",
                "url",
                "validate uri"
            ],
            "support": {
                "issues": "https://github.com/opis/uri/issues",
                "source": "https://github.com/opis/uri/tree/1.1.0"
            },
            "time": "2021-05-22T15:57:08+00:00"
        }
    ],
    "aliases": [],
    "minimum-stability": "stable",
    "stability-flags": {},
    "prefer-stable": false,
    "prefer-lowest": false,
    "platform": {
        "php": "^8.5"
    },
    "platform-dev": {},
    "plugin-api-version": "2.9.0"
}
